// !$*UTF8*$!
{
	archiveVersion = 1;
	classes = {
	};
	objectVersion = 46;
	objects = {

/* Begin PBXBuildFile section */
		144C661A1C5DC76E00DB8D07 /* AppDelegate.swift in Sources */ = {isa = PBXBuildFile; fileRef = 144C66191C5DC76E00DB8D07 /* AppDelegate.swift */; };
		144C661C1C5DC76E00DB8D07 /* ViewController.swift in Sources */ = {isa = PBXBuildFile; fileRef = 144C661B1C5DC76E00DB8D07 /* ViewController.swift */; };
		144C661F1C5DC76E00DB8D07 /* Main.storyboard in Resources */ = {isa = PBXBuildFile; fileRef = 144C661D1C5DC76E00DB8D07 /* Main.storyboard */; };
		144C66211C5DC76E00DB8D07 /* Assets.xcassets in Resources */ = {isa = PBXBuildFile; fileRef = 144C66201C5DC76E00DB8D07 /* Assets.xcassets */; };
		144C66241C5DC76E00DB8D07 /* LaunchScreen.storyboard in Resources */ = {isa = PBXBuildFile; fileRef = 144C66221C5DC76E00DB8D07 /* LaunchScreen.storyboard */; };
		80841AA7C0551FD4CF764BBD /* Pods_FunnySnap.framework in Frameworks */ = {isa = PBXBuildFile; fileRef = EAA021F1AEFBD83013C19057 /* Pods_FunnySnap.framework */; };
/* End PBXBuildFile section */

/* Begin PBXFileReference section */
		144C66161C5DC76E00DB8D07 /* FunnySnap.app */ = {isa = PBXFileReference; explicitFileType = wrapper.application; includeInIndex = 0; path = FunnySnap.app; sourceTree = BUILT_PRODUCTS_DIR; };
		144C66191C5DC76E00DB8D07 /* AppDelegate.swift */ = {isa = PBXFileReference; lastKnownFileType = sourcecode.swift; path = AppDelegate.swift; sourceTree = "<group>"; };
		144C661B1C5DC76E00DB8D07 /* ViewController.swift */ = {isa = PBXFileReference; lastKnownFileType = sourcecode.swift; path = ViewController.swift; sourceTree = "<group>"; };
		144C661E1C5DC76E00DB8D07 /* Base */ = {isa = PBXFileReference; lastKnownFileType = file.storyboard; name = Base; path = Base.lproj/Main.storyboard; sourceTree = "<group>"; };
		144C66201C5DC76E00DB8D07 /* Assets.xcassets */ = {isa = PBXFileReference; lastKnownFileType = folder.assetcatalog; path = Assets.xcassets; sourceTree = "<group>"; };
		144C66231C5DC76E00DB8D07 /* Base */ = {isa = PBXFileReference; lastKnownFileType = file.storyboard; name = Base; path = Base.lproj/LaunchScreen.storyboard; sourceTree = "<group>"; };
		144C66251C5DC76E00DB8D07 /* Info.plist */ = {isa = PBXFileReference; lastKnownFileType = text.plist.xml; path = Info.plist; sourceTree = "<group>"; };
		2F63D7878E2F586E4D0DD513 /* Pods-FunnySnap.release.xcconfig */ = {isa = PBXFileReference; includeInIndex = 1; lastKnownFileType = text.xcconfig; name = "Pods-FunnySnap.release.xcconfig"; path = "Pods/Target Support Files/Pods-FunnySnap/Pods-FunnySnap.release.xcconfig"; sourceTree = "<group>"; };
		80D652A3C702DE0596815FA9 /* Pods-FunnySnap.debug.xcconfig */ = {isa = PBXFileReference; includeInIndex = 1; lastKnownFileType = text.xcconfig; name = "Pods-FunnySnap.debug.xcconfig"; path = "Pods/Target Support Files/Pods-FunnySnap/Pods-FunnySnap.debug.xcconfig"; sourceTree = "<group>"; };
		EAA021F1AEFBD83013C19057 /* Pods_FunnySnap.framework */ = {isa = PBXFileReference; explicitFileType = wrapper.framework; includeInIndex = 0; path = Pods_FunnySnap.framework; sourceTree = BUILT_PRODUCTS_DIR; };
/* End PBXFileReference section */

/* Begin PBXFrameworksBuildPhase section */
		144C66131C5DC76D00DB8D07 /* Frameworks */ = {
			isa = PBXFrameworksBuildPhase;
			buildActionMask = 2147483647;
			files = (
				80841AA7C0551FD4CF764BBD /* Pods_FunnySnap.framework in Frameworks */,
			);
			runOnlyForDeploymentPostprocessing = 0;
		};
/* End PBXFrameworksBuildPhase section */

/* Begin PBXGroup section */
		088761CAA5D8F418646E55D8 /* Pods */ = {
			isa = PBXGroup;
			children = (
				80D652A3C702DE0596815FA9 /* Pods-FunnySnap.debug.xcconfig */,
				2F63D7878E2F586E4D0DD513 /* Pods-FunnySnap.release.xcconfig */,
			);
			name = Pods;
			sourceTree = "<group>";
		};
		144C660D1C5DC76D00DB8D07 = {
			isa = PBXGroup;
			children = (
				144C66181C5DC76E00DB8D07 /* FunnySnap */,
				144C66171C5DC76E00DB8D07 /* Products */,
				088761CAA5D8F418646E55D8 /* Pods */,
				51DFD855524051C6C8F2A45C /* Frameworks */,
			);
			sourceTree = "<group>";
		};
		144C66171C5DC76E00DB8D07 /* Products */ = {
			isa = PBXGroup;
			children = (
				144C66161C5DC76E00DB8D07 /* FunnySnap.app */,
			);
			name = Products;
			sourceTree = "<group>";
		};
		144C66181C5DC76E00DB8D07 /* FunnySnap */ = {
			isa = PBXGroup;
			children = (
				144C66191C5DC76E00DB8D07 /* AppDelegate.swift */,
				144C661B1C5DC76E00DB8D07 /* ViewController.swift */,
				144C661D1C5DC76E00DB8D07 /* Main.storyboard */,
				144C66201C5DC76E00DB8D07 /* Assets.xcassets */,
				144C66221C5DC76E00DB8D07 /* LaunchScreen.storyboard */,
				144C66251C5DC76E00DB8D07 /* Info.plist */,
			);
			path = FunnySnap;
			sourceTree = "<group>";
		};
		51DFD855524051C6C8F2A45C /* Frameworks */ = {
			isa = PBXGroup;
			children = (
				EAA021F1AEFBD83013C19057 /* Pods_FunnySnap.framework */,
			);
			name = Frameworks;
			sourceTree = "<group>";
		};
/* End PBXGroup section */

/* Begin PBXNativeTarget section */
		144C66151C5DC76D00DB8D07 /* FunnySnap */ = {
			isa = PBXNativeTarget;
			buildConfigurationList = 144C66281C5DC76E00DB8D07 /* Build configuration list for PBXNativeTarget "FunnySnap" */;
			buildPhases = (
				1484080B2A47C2BBC4335AA9 /* Check Pods Manifest.lock */,
				144C66121C5DC76D00DB8D07 /* Sources */,
				144C66131C5DC76D00DB8D07 /* Frameworks */,
				144C66141C5DC76D00DB8D07 /* Resources */,
				9CA913548A80D91D4C7C682F /* Embed Pods Frameworks */,
				B7BE3DB20FAD733349FDDF10 /* Copy Pods Resources */,
			);
			buildRules = (
			);
			dependencies = (
			);
			name = FunnySnap;
			productName = FunnySnap;
			productReference = 144C66161C5DC76E00DB8D07 /* FunnySnap.app */;
			productType = "com.apple.product-type.application";
		};
/* End PBXNativeTarget section */

/* Begin PBXProject section */
		144C660E1C5DC76D00DB8D07 /* Project object */ = {
			isa = PBXProject;
			attributes = {
				LastSwiftUpdateCheck = 0720;
				LastUpgradeCheck = 0720;
				ORGANIZATIONNAME = iGROOMGRiM;
				TargetAttributes = {
					144C66151C5DC76D00DB8D07 = {
						CreatedOnToolsVersion = 7.2;
					};
				};
			};
			buildConfigurationList = 144C66111C5DC76D00DB8D07 /* Build configuration list for PBXProject "FunnySnap" */;
			compatibilityVersion = "Xcode 3.2";
			developmentRegion = English;
			hasScannedForEncodings = 0;
			knownRegions = (
				en,
				Base,
			);
			mainGroup = 144C660D1C5DC76D00DB8D07;
			productRefGroup = 144C66171C5DC76E00DB8D07 /* Products */;
			projectDirPath = "";
			projectRoot = "";
			targets = (
				144C66151C5DC76D00DB8D07 /* FunnySnap */,
			);
		};
/* End PBXProject section */

/* Begin PBXResourcesBuildPhase section */
		144C66141C5DC76D00DB8D07 /* Resources */ = {
			isa = PBXResourcesBuildPhase;
			buildActionMask = 2147483647;
			files = (
				144C66241C5DC76E00DB8D07 /* LaunchScreen.storyboard in Resources */,
				144C66211C5DC76E00DB8D07 /* Assets.xcassets in Resources */,
				144C661F1C5DC76E00DB8D07 /* Main.storyboard in Resources */,
			);
			runOnlyForDeploymentPostprocessing = 0;
		};
/* End PBXResourcesBuildPhase section */

/* Begin PBXShellScriptBuildPhase section */
		1484080B2A47C2BBC4335AA9 /* Check Pods Manifest.lock */ = {
			isa = PBXShellScriptBuildPhase;
			buildActionMask = 2147483647;
			files = (
			);
			inputPaths = (
			);
			name = "Check Pods Manifest.lock";
			outputPaths = (
			);
			runOnlyForDeploymentPostprocessing = 0;
			shellPath = /bin/sh;
			shellScript = "diff \"${PODS_ROOT}/../Podfile.lock\" \"${PODS_ROOT}/Manifest.lock\" > /dev/null\nif [[ $? != 0 ]] ; then\n    cat << EOM\nerror: The sandbox is not in sync with the Podfile.lock. Run 'pod install' or update your CocoaPods installation.\nEOM\n    exit 1\nfi\n";
			showEnvVarsInLog = 0;
		};
		9CA913548A80D91D4C7C682F /* Embed Pods Frameworks */ = {
			isa = PBXShellScriptBuildPhase;
			buildActionMask = 2147483647;
			files = (
			);
			inputPaths = (
			);
			name = "Embed Pods Frameworks";
			outputPaths = (
			);
			runOnlyForDeploymentPostprocessing = 0;
			shellPath = /bin/sh;
			shellScript = "\"${SRCROOT}/Pods/Target Support Files/Pods-FunnySnap/Pods-FunnySnap-frameworks.sh\"\n";
			showEnvVarsInLog = 0;
		};
		B7BE3DB20FAD733349FDDF10 /* Copy Pods Resources */ = {
			isa = PBXShellScriptBuildPhase;
			buildActionMask = 2147483647;
			files = (
			);
			inputPaths = (
			);
			name = "Copy Pods Resources";
			outputPaths = (
			);
			runOnlyForDeploymentPostprocessing = 0;
			shellPath = /bin/sh;
			shellScript = "\"${SRCROOT}/Pods/Target Support Files/Pods-FunnySnap/Pods-FunnySnap-resources.sh\"\n";
			showEnvVarsInLog = 0;
		};
/* End PBXShellScriptBuildPhase section */

/* Begin PBXSourcesBuildPhase section */
		144C66121C5DC76D00DB8D07 /* Sources */ = {
			isa = PBXSourcesBuildPhase;
			buildActionMask = 2147483647;
			files = (
				144C661C1C5DC76E00DB8D07 /* ViewController.swift in Sources */,
				144C661A1C5DC76E00DB8D07 /* AppDelegate.swift in Sources */,
			);
			runOnlyForDeploymentPostprocessing = 0;
		};
/* End PBXSourcesBuildPhase section */

/* Begin PBXVariantGroup section */
		144C661D1C5DC76E00DB8D07 /* Main.storyboard */ = {
			isa = PBXVariantGroup;
			children = (
				144C661E1C5DC76E00DB8D07 /* Base */,
			);
			name = Main.storyboard;
			sourceTree = "<group>";
		};
		144C66221C5DC76E00DB8D07 /* LaunchScreen.storyboard */ = {
			isa = PBXVariantGroup;
			children = (
				144C66231C5DC76E00DB8D07 /* Base */,
			);
			name = LaunchScreen.storyboard;
			sourceTree = "<group>";
		};
/* End PBXVariantGroup section */

/* Begin XCBuildConfiguration section */
		144C66261C5DC76E00DB8D07 /* Debug */ = {
			isa = XCBuildConfiguration;
			buildSettings = {
				ALWAYS_SEARCH_USER_PATHS = NO;
				CLANG_CXX_LANGUAGE_STANDARD = "gnu++0x";
				CLANG_CXX_LIBRARY = "libc++";
				CLANG_ENABLE_MODULES = YES;
				CLANG_ENABLE_OBJC_ARC = YES;
				CLANG_WARN_BOOL_CONVERSION = YES;
				CLANG_WARN_CONSTANT_CONVERSION = YES;
				CLANG_WARN_DIRECT_OBJC_ISA_USAGE = YES_ERROR;
				CLANG_WARN_EMPTY_BODY = YES;
				CLANG_WARN_ENUM_CONVERSION = YES;
				CLANG_WARN_INT_CONVERSION = YES;
				CLANG_WARN_OBJC_ROOT_CLASS = YES_ERROR;
				CLANG_WARN_UNREACHABLE_CODE = YES;
				CLANG_WARN__DUPLICATE_METHOD_MATCH = YES;
				"CODE_SIGN_IDENTITY[sdk=iphoneos*]" = "iPhone Developer";
				COPY_PHASE_STRIP = NO;
				DEBUG_INFORMATION_FORMAT = dwarf;
				ENABLE_STRICT_OBJC_MSGSEND = YES;
				ENABLE_TESTABILITY = YES;
				GCC_C_LANGUAGE_STANDARD = gnu99;
				GCC_DYNAMIC_NO_PIC = NO;
				GCC_NO_COMMON_BLOCKS = YES;
				GCC_OPTIMIZATION_LEVEL = 0;
				GCC_PREPROCESSOR_DEFINITIONS = (
					"DEBUG=1",
					"$(inherited)",
				);
				GCC_WARN_64_TO_32_BIT_CONVERSION = YES;
				GCC_WARN_ABOUT_RETURN_TYPE = YES_ERROR;
				GCC_WARN_UNDECLARED_SELECTOR = YES;
				GCC_WARN_UNINITIALIZED_AUTOS = YES_AGGRESSIVE;
				GCC_WARN_UNUSED_FUNCTION = YES;
				GCC_WARN_UNUSED_VARIABLE = YES;
				IPHONEOS_DEPLOYMENT_TARGET = 9.2;
				MTL_ENABLE_DEBUG_INFO = YES;
				ONLY_ACTIVE_ARCH = YES;
				SDKROOT = iphoneos;
				SWIFT_OPTIMIZATION_LEVEL = "-Onone";
			};
			name = Debug;
		};
		144C66271C5DC76E00DB8D07 /* Release */ = {
			isa = XCBuildConfiguration;
			buildSettings = {
				ALWAYS_SEARCH_USER_PATHS = NO;
				CLANG_CXX_LANGUAGE_STANDARD = "gnu++0x";
				CLANG_CXX_LIBRARY = "libc++";
				CLANG_ENABLE_MODULES = YES;
				CLANG_ENABLE_OBJC_ARC = YES;
				CLANG_WARN_BOOL_CONVERSION = YES;
				CLANG_WARN_CONSTANT_CONVERSION = YES;
				CLANG_WARN_DIRECT_OBJC_ISA_USAGE = YES_ERROR;
				CLANG_WARN_EMPTY_BODY = YES;
				CLANG_WARN_ENUM_CONVERSION = YES;
				CLANG_WARN_INT_CONVERSION = YES;
				CLANG_WARN_OBJC_ROOT_CLASS = YES_ERROR;
				CLANG_WARN_UNREACHABLE_CODE = YES;
				CLANG_WARN__DUPLICATE_METHOD_MATCH = YES;
				"CODE_SIGN_IDENTITY[sdk=iphoneos*]" = "iPhone Developer";
				COPY_PHASE_STRIP = NO;
				DEBUG_INFORMATION_FORMAT = "dwarf-with-dsym";
				ENABLE_NS_ASSERTIONS = NO;
				ENABLE_STRICT_OBJC_MSGSEND = YES;
				GCC_C_LANGUAGE_STANDARD = gnu99;
				GCC_NO_COMMON_BLOCKS = YES;
				GCC_WARN_64_TO_32_BIT_CONVERSION = YES;
				GCC_WARN_ABOUT_RETURN_TYPE = YES_ERROR;
				GCC_WARN_UNDECLARED_SELECTOR = YES;
				GCC_WARN_UNINITIALIZED_AUTOS = YES_AGGRESSIVE;
				GCC_WARN_UNUSED_FUNCTION = YES;
				GCC_WARN_UNUSED_VARIABLE = YES;
				IPHONEOS_DEPLOYMENT_TARGET = 9.2;
				MTL_ENABLE_DEBUG_INFO = NO;
				SDKROOT = iphoneos;
				VALIDATE_PRODUCT = YES;
			};
			name = Release;
		};
		144C66291C5DC76E00DB8D07 /* Debug */ = {
			isa = XCBuildConfiguration;
			baseConfigurationReference = 80D652A3C702DE0596815FA9 /* Pods-FunnySnap.debug.xcconfig */;
			buildSettings = {
				ASSETCATALOG_COMPILER_APPICON_NAME = AppIcon;
				INFOPLIST_FILE = FunnySnap/Info.plist;
				LD_RUNPATH_SEARCH_PATHS = "$(inherited) @executable_path/Frameworks";
				PRODUCT_BUNDLE_IDENTIFIER = com.igroomgrim.FunnySnap;
				PRODUCT_NAME = "$(TARGET_NAME)";
			};
			name = Debug;
		};
		144C662A1C5DC76E00DB8D07 /* Release */ = {
			isa = XCBuildConfiguration;
			baseConfigurationReference = 2F63D7878E2F586E4D0DD513 /* Pods-FunnySnap.release.xcconfig */;
			buildSettings = {
				ASSETCATALOG_COMPILER_APPICON_NAME = AppIcon;
				INFOPLIST_FILE = FunnySnap/Info.plist;
				LD_RUNPATH_SEARCH_PATHS = "$(inherited) @executable_path/Frameworks";
				PRODUCT_BUNDLE_IDENTIFIER = com.igroomgrim.FunnySnap;
				PRODUCT_NAME = "$(TARGET_NAME)";
			};
			name = Release;
		};
/* End XCBuildConfiguration section */

/* Begin XCConfigurationList section */
		144C66111C5DC76D00DB8D07 /* Build configuration list for PBXProject "FunnySnap" */ = {
			isa = XCConfigurationList;
			buildConfigurations = (
				144C66261C5DC76E00DB8D07 /* Debug */,
				144C66271C5DC76E00DB8D07 /* Release */,
			);
			defaultConfigurationIsVisible = 0;
			defaultConfigurationName = Release;
		};
		144C66281C5DC76E00DB8D07 /* Build configuration list for PBXNativeTarget "FunnySnap" */ = {
			isa = XCConfigurationList;
			buildConfigurations = (
				144C66291C5DC76E00DB8D07 /* Debug */,
				144C662A1C5DC76E00DB8D07 /* Release */,
			);
			defaultConfigurationIsVisible = 0;
			defaultConfigurationName = Release;
		};
/* End XCConfigurationList section */
	};
	rootObject = 144C660E1C5DC76D00DB8D07 /* Project object */;
}
